
Microsoft Visual Studio Solution File, Format Version 12.00
# Visual Studio 2015
Project("{FAE04EC0-301F-11D3-BF4B-00C04F79EFBC}") = "FPS tutorial 1", "FPS tutorial 1.csproj", "{C81F82DC-0EBB-2CE7-25E8-9A49B9427EC4}"
EndProject
Global
	GlobalSection(SolutionConfigurationPlatforms) = preSolution
		Debug|Any CPU = Debug|Any CPU
		Release|Any CPU = Release|Any CPU
	EndGlobalSection
	GlobalSection(ProjectConfigurationPlatforms) = postSolution
		{C81F82DC-0EBB-2CE7-25E8-9A49B9427EC4}.Debug|Any CPU.ActiveCfg = Debug|Any CPU
		{C81F82DC-0EBB-2CE7-25E8-9A49B9427EC4}.Debug|Any CPU.Build.0 = Debug|Any CPU
		{C81F82DC-0EBB-2CE7-25E8-9A49B9427EC4}.Release|Any CPU.ActiveCfg = Release|Any CPU
		{C81F82DC-0EBB-2CE7-25E8-9A49B9427EC4}.Release|Any CPU.Build.0 = Release|Any CPU
	EndGlobalSection
	GlobalSection(SolutionProperties) = preSolution
		HideSolutionNode = FALSE
	EndGlobalSection
EndGlobal
